
Microsoft Visual Studio Solution File, Format Version 12.00
# Visual Studio Version 16
VisualStudioVersion = 16.0.29025.244
MinimumVisualStudioVersion = 10.0.40219.1
Project("{9A19103F-16F7-4668-BE54-9A1E7A4F7556}") = "NeurNet", "NeurNet\NeurNet.csproj", "{EB069C89-9947-452E-A04D-A96B1E9FA05C}"
EndProject
Global
	GlobalSection(SolutionConfigurationPlatforms) = preSolution
		Debug|Any CPU = Debug|Any CPU
		Release|Any CPU = Release|Any CPU
	EndGlobalSection
	GlobalSection(ProjectConfigurationPlatforms) = postSolution
		{EB069C89-9947-452E-A04D-A96B1E9FA05C}.Debug|Any CPU.ActiveCfg = Debug|Any CPU
		{EB069C89-9947-452E-A04D-A96B1E9FA05C}.Debug|Any CPU.Build.0 = Debug|Any CPU
		{EB069C89-9947-452E-A04D-A96B1E9FA05C}.Release|Any CPU.ActiveCfg = Release|Any CPU
		{EB069C89-9947-452E-A04D-A96B1E9FA05C}.Release|Any CPU.Build.0 = Release|Any CPU
	EndGlobalSection
	GlobalSection(SolutionProperties) = preSolution
		HideSolutionNode = FALSE
	EndGlobalSection
	GlobalSection(ExtensibilityGlobals) = postSolution
		SolutionGuid = {8A8B07C6-460B-4D09-A229-4D94699C51A8}
	EndGlobalSection
EndGlobal
